
Microsoft Visual Studio Solution File, Format Version 12.00
# Visual Studio Version 16
VisualStudioVersion = 16.0.32428.217
MinimumVisualStudioVersion = 10.0.40219.1
Project("{9A19103F-16F7-4668-BE54-9A1E7A4F7556}") = "testforms", "testforms.csproj", "{BD72AFBA-25F2-4EE4-9E5E-212F9325F39D}"
EndProject
Global
	GlobalSection(SolutionConfigurationPlatforms) = preSolution
		Debug|Any CPU = Debug|Any CPU
		Release|Any CPU = Release|Any CPU
	EndGlobalSection
	GlobalSection(ProjectConfigurationPlatforms) = postSolution
		{BD72AFBA-25F2-4EE4-9E5E-212F9325F39D}.Debug|Any CPU.ActiveCfg = Debug|Any CPU
		{BD72AFBA-25F2-4EE4-9E5E-212F9325F39D}.Debug|Any CPU.Build.0 = Debug|Any CPU
		{BD72AFBA-25F2-4EE4-9E5E-212F9325F39D}.Release|Any CPU.ActiveCfg = Release|Any CPU
		{BD72AFBA-25F2-4EE4-9E5E-212F9325F39D}.Release|Any CPU.Build.0 = Release|Any CPU
	EndGlobalSection
	GlobalSection(SolutionProperties) = preSolution
		HideSolutionNode = FALSE
	EndGlobalSection
	GlobalSection(ExtensibilityGlobals) = postSolution
		SolutionGuid = {61CBD13F-B0E7-4A1C-8B8B-12CD0B5F235E}
	EndGlobalSection
EndGlobal
